// !$*UTF8*$!
{
	archiveVersion = 1;
	classes = {
	};
	objectVersion = 50;
	objects = {

/* Begin PBXBuildFile section */
		962E807F255FA4EE0097B702 /* AppDelegate.swift in Sources */ = {isa = PBXBuildFile; fileRef = 962E807E255FA4EE0097B702 /* AppDelegate.swift */; };
		962E8081255FA4EE0097B702 /* SceneDelegate.swift in Sources */ = {isa = PBXBuildFile; fileRef = 962E8080255FA4EE0097B702 /* SceneDelegate.swift */; };
		962E8086255FA4EE0097B702 /* Main.storyboard in Resources */ = {isa = PBXBuildFile; fileRef = 962E8084255FA4EE0097B702 /* Main.storyboard */; };
		962E8088255FA4F10097B702 /* Assets.xcassets in Resources */ = {isa = PBXBuildFile; fileRef = 962E8087255FA4F10097B702 /* Assets.xcassets */; };
		962E808B255FA4F10097B702 /* LaunchScreen.storyboard in Resources */ = {isa = PBXBuildFile; fileRef = 962E8089255FA4F10097B702 /* LaunchScreen.storyboard */; };
		962E809D255FACD60097B702 /* CollectionViewController.swift in Sources */ = {isa = PBXBuildFile; fileRef = 962E809C255FACD60097B702 /* CollectionViewController.swift */; };
		962E80A6255FB2430097B702 /* Models.swift in Sources */ = {isa = PBXBuildFile; fileRef = 962E80A5255FB2430097B702 /* Models.swift */; };
		966C9661255FB72E00E8E3F4 /* ButtonsCollectionViewCell.swift in Sources */ = {isa = PBXBuildFile; fileRef = 966C9660255FB72E00E8E3F4 /* ButtonsCollectionViewCell.swift */; };
		9671AD452560C9DE000F12D6 /* WeatherViewController.swift in Sources */ = {isa = PBXBuildFile; fileRef = 9671AD442560C9DE000F12D6 /* WeatherViewController.swift */; };
		9671AD6F25612FFB000F12D6 /* UserCityViewController.swift in Sources */ = {isa = PBXBuildFile; fileRef = 9671AD6E25612FFB000F12D6 /* UserCityViewController.swift */; };
/* End PBXBuildFile section */

/* Begin PBXFileReference section */
		962E807B255FA4EE0097B702 /* jsonTest.app */ = {isa = PBXFileReference; explicitFileType = wrapper.application; includeInIndex = 0; path = jsonTest.app; sourceTree = BUILT_PRODUCTS_DIR; };
		962E807E255FA4EE0097B702 /* AppDelegate.swift */ = {isa = PBXFileReference; lastKnownFileType = sourcecode.swift; path = AppDelegate.swift; sourceTree = "<group>"; };
		962E8080255FA4EE0097B702 /* SceneDelegate.swift */ = {isa = PBXFileReference; lastKnownFileType = sourcecode.swift; path = SceneDelegate.swift; sourceTree = "<group>"; };
		962E8085255FA4EE0097B702 /* Base */ = {isa = PBXFileReference; lastKnownFileType = file.storyboard; name = Base; path = Base.lproj/Main.storyboard; sourceTree = "<group>"; };
		962E8087255FA4F10097B702 /* Assets.xcassets */ = {isa = PBXFileReference; lastKnownFileType = folder.assetcatalog; path = Assets.xcassets; sourceTree = "<group>"; };
		962E808A255FA4F10097B702 /* Base */ = {isa = PBXFileReference; lastKnownFileType = file.storyboard; name = Base; path = Base.lproj/LaunchScreen.storyboard; sourceTree = "<group>"; };
		962E808C255FA4F10097B702 /* Info.plist */ = {isa = PBXFileReference; lastKnownFileType = text.plist.xml; path = Info.plist; sourceTree = "<group>"; };
		962E809C255FACD60097B702 /* CollectionViewController.swift */ = {isa = PBXFileReference; lastKnownFileType = sourcecode.swift; path = CollectionViewController.swift; sourceTree = "<group>"; };
		962E80A5255FB2430097B702 /* Models.swift */ = {isa = PBXFileReference; lastKnownFileType = sourcecode.swift; path = Models.swift; sourceTree = "<group>"; };
		966C9660255FB72E00E8E3F4 /* ButtonsCollectionViewCell.swift */ = {isa = PBXFileReference; lastKnownFileType = sourcecode.swift; path = ButtonsCollectionViewCell.swift; sourceTree = "<group>"; };
		9671AD442560C9DE000F12D6 /* WeatherViewController.swift */ = {isa = PBXFileReference; lastKnownFileType = sourcecode.swift; path = WeatherViewController.swift; sourceTree = "<group>"; };
		9671AD6E25612FFB000F12D6 /* UserCityViewController.swift */ = {isa = PBXFileReference; lastKnownFileType = sourcecode.swift; path = UserCityViewController.swift; sourceTree = "<group>"; };
/* End PBXFileReference section */

/* Begin PBXFrameworksBuildPhase section */
		962E8078255FA4EE0097B702 /* Frameworks */ = {
			isa = PBXFrameworksBuildPhase;
			buildActionMask = 2147483647;
			files = (
			);
			runOnlyForDeploymentPostprocessing = 0;
		};
/* End PBXFrameworksBuildPhase section */

/* Begin PBXGroup section */
		962E8072255FA4EE0097B702 = {
			isa = PBXGroup;
			children = (
				962E807D255FA4EE0097B702 /* jsonTest */,
				962E807C255FA4EE0097B702 /* Products */,
			);
			sourceTree = "<group>";
		};
		962E807C255FA4EE0097B702 /* Products */ = {
			isa = PBXGroup;
			children = (
				962E807B255FA4EE0097B702 /* jsonTest.app */,
			);
			name = Products;
			sourceTree = "<group>";
		};
		962E807D255FA4EE0097B702 /* jsonTest */ = {
			isa = PBXGroup;
			children = (
				9671AD6E25612FFB000F12D6 /* UserCityViewController.swift */,
				966C9660255FB72E00E8E3F4 /* ButtonsCollectionViewCell.swift */,
				9671AD442560C9DE000F12D6 /* WeatherViewController.swift */,
				962E80A5255FB2430097B702 /* Models.swift */,
				962E807E255FA4EE0097B702 /* AppDelegate.swift */,
				962E809C255FACD60097B702 /* CollectionViewController.swift */,
				962E8080255FA4EE0097B702 /* SceneDelegate.swift */,
				962E8084255FA4EE0097B702 /* Main.storyboard */,
				962E8087255FA4F10097B702 /* Assets.xcassets */,
				962E8089255FA4F10097B702 /* LaunchScreen.storyboard */,
				962E808C255FA4F10097B702 /* Info.plist */,
			);
			path = jsonTest;
			sourceTree = "<group>";
		};
/* End PBXGroup section */

/* Begin PBXNativeTarget section */
		962E807A255FA4EE0097B702 /* jsonTest */ = {
			isa = PBXNativeTarget;
			buildConfigurationList = 962E808F255FA4F10097B702 /* Build configuration list for PBXNativeTarget "jsonTest" */;
			buildPhases = (
				962E8077255FA4EE0097B702 /* Sources */,
				962E8078255FA4EE0097B702 /* Frameworks */,
				962E8079255FA4EE0097B702 /* Resources */,
			);
			buildRules = (
			);
			dependencies = (
			);
			name = jsonTest;
			productName = jsonTest;
			productReference = 962E807B255FA4EE0097B702 /* jsonTest.app */;
			productType = "com.apple.product-type.application";
		};
/* End PBXNativeTarget section */

/* Begin PBXProject section */
		962E8073255FA4EE0097B702 /* Project object */ = {
			isa = PBXProject;
			attributes = {
				LastSwiftUpdateCheck = 1220;
				LastUpgradeCheck = 1220;
				TargetAttributes = {
					962E807A255FA4EE0097B702 = {
						CreatedOnToolsVersion = 12.2;
					};
				};
			};
			buildConfigurationList = 962E8076255FA4EE0097B702 /* Build configuration list for PBXProject "jsonTest" */;
			compatibilityVersion = "Xcode 9.3";
			developmentRegion = en;
			hasScannedForEncodings = 0;
			knownRegions = (
				en,
				Base,
			);
			mainGroup = 962E8072255FA4EE0097B702;
			productRefGroup = 962E807C255FA4EE0097B702 /* Products */;
			projectDirPath = "";
			projectRoot = "";
			targets = (
				962E807A255FA4EE0097B702 /* jsonTest */,
			);
		};
/* End PBXProject section */

/* Begin PBXResourcesBuildPhase section */
		962E8079255FA4EE0097B702 /* Resources */ = {
			isa = PBXResourcesBuildPhase;
			buildActionMask = 2147483647;
			files = (
				962E808B255FA4F10097B702 /* LaunchScreen.storyboard in Resources */,
				962E8088255FA4F10097B702 /* Assets.xcassets in Resources */,
				962E8086255FA4EE0097B702 /* Main.storyboard in Resources */,
			);
			runOnlyForDeploymentPostprocessing = 0;
		};
/* End PBXResourcesBuildPhase section */

/* Begin PBXSourcesBuildPhase section */
		962E8077255FA4EE0097B702 /* Sources */ = {
			isa = PBXSourcesBuildPhase;
			buildActionMask = 2147483647;
			files = (
				962E809D255FACD60097B702 /* CollectionViewController.swift in Sources */,
				9671AD452560C9DE000F12D6 /* WeatherViewController.swift in Sources */,
				962E807F255FA4EE0097B702 /* AppDelegate.swift in Sources */,
				962E8081255FA4EE0097B702 /* SceneDelegate.swift in Sources */,
				9671AD6F25612FFB000F12D6 /* UserCityViewController.swift in Sources */,
				962E80A6255FB2430097B702 /* Models.swift in Sources */,
				966C9661255FB72E00E8E3F4 /* ButtonsCollectionViewCell.swift in Sources */,
			);
			runOnlyForDeploymentPostprocessing = 0;
		};
/* End PBXSourcesBuildPhase section */

/* Begin PBXVariantGroup section */
		962E8084255FA4EE0097B702 /* Main.storyboard */ = {
			isa = PBXVariantGroup;
			children = (
				962E8085255FA4EE0097B702 /* Base */,
			);
			name = Main.storyboard;
			sourceTree = "<group>";
		};
		962E8089255FA4F10097B702 /* LaunchScreen.storyboard */ = {
			isa = PBXVariantGroup;
			children = (
				962E808A255FA4F10097B702 /* Base */,
			);
			name = LaunchScreen.storyboard;
			sourceTree = "<group>";
		};
/* End PBXVariantGroup section */

/* Begin XCBuildConfiguration section */
		962E808D255FA4F10097B702 /* Debug */ = {
			isa = XCBuildConfiguration;
			buildSettings = {
				ALWAYS_SEARCH_USER_PATHS = NO;
				CLANG_ANALYZER_NONNULL = YES;
				CLANG_ANALYZER_NUMBER_OBJECT_CONVERSION = YES_AGGRESSIVE;
				CLANG_CXX_LANGUAGE_STANDARD = "gnu++14";
				CLANG_CXX_LIBRARY = "libc++";
				CLANG_ENABLE_MODULES = YES;
				CLANG_ENABLE_OBJC_ARC = YES;
				CLANG_ENABLE_OBJC_WEAK = YES;
				CLANG_WARN_BLOCK_CAPTURE_AUTORELEASING = YES;
				CLANG_WARN_BOOL_CONVERSION = YES;
				CLANG_WARN_COMMA = YES;
				CLANG_WARN_CONSTANT_CONVERSION = YES;
				CLANG_WARN_DEPRECATED_OBJC_IMPLEMENTATIONS = YES;
				CLANG_WARN_DIRECT_OBJC_ISA_USAGE = YES_ERROR;
				CLANG_WARN_DOCUMENTATION_COMMENTS = YES;
				CLANG_WARN_EMPTY_BODY = YES;
				CLANG_WARN_ENUM_CONVERSION = YES;
				CLANG_WARN_INFINITE_RECURSION = YES;
				CLANG_WARN_INT_CONVERSION = YES;
				CLANG_WARN_NON_LITERAL_NULL_CONVERSION = YES;
				CLANG_WARN_OBJC_IMPLICIT_RETAIN_SELF = YES;
				CLANG_WARN_OBJC_LITERAL_CONVERSION = YES;
				CLANG_WARN_OBJC_ROOT_CLASS = YES_ERROR;
				CLANG_WARN_QUOTED_INCLUDE_IN_FRAMEWORK_HEADER = YES;
				CLANG_WARN_RANGE_LOOP_ANALYSIS = YES;
				CLANG_WARN_STRICT_PROTOTYPES = YES;
				CLANG_WARN_SUSPICIOUS_MOVE = YES;
				CLANG_WARN_UNGUARDED_AVAILABILITY = YES_AGGRESSIVE;
				CLANG_WARN_UNREACHABLE_CODE = YES;
				CLANG_WARN__DUPLICATE_METHOD_MATCH = YES;
				COPY_PHASE_STRIP = NO;
				DEBUG_INFORMATION_FORMAT = dwarf;
				ENABLE_STRICT_OBJC_MSGSEND = YES;
				ENABLE_TESTABILITY = YES;
				GCC_C_LANGUAGE_STANDARD = gnu11;
				GCC_DYNAMIC_NO_PIC = NO;
				GCC_NO_COMMON_BLOCKS = YES;
				GCC_OPTIMIZATION_LEVEL = 0;
				GCC_PREPROCESSOR_DEFINITIONS = (
					"DEBUG=1",
					"$(inherited)",
				);
				GCC_WARN_64_TO_32_BIT_CONVERSION = YES;
				GCC_WARN_ABOUT_RETURN_TYPE = YES_ERROR;
				GCC_WARN_UNDECLARED_SELECTOR = YES;
				GCC_WARN_UNINITIALIZED_AUTOS = YES_AGGRESSIVE;
				GCC_WARN_UNUSED_FUNCTION = YES;
				GCC_WARN_UNUSED_VARIABLE = YES;
				IPHONEOS_DEPLOYMENT_TARGET = 14.2;
				MTL_ENABLE_DEBUG_INFO = INCLUDE_SOURCE;
				MTL_FAST_MATH = YES;
				ONLY_ACTIVE_ARCH = YES;
				SDKROOT = iphoneos;
				SWIFT_ACTIVE_COMPILATION_CONDITIONS = DEBUG;
				SWIFT_OPTIMIZATION_LEVEL = "-Onone";
			};
			name = Debug;
		};
		962E808E255FA4F10097B702 /* Release */ = {
			isa = XCBuildConfiguration;
			buildSettings = {
				ALWAYS_SEARCH_USER_PATHS = NO;
				CLANG_ANALYZER_NONNULL = YES;
				CLANG_ANALYZER_NUMBER_OBJECT_CONVERSION = YES_AGGRESSIVE;
				CLANG_CXX_LANGUAGE_STANDARD = "gnu++14";
				CLANG_CXX_LIBRARY = "libc++";
				CLANG_ENABLE_MODULES = YES;
				CLANG_ENABLE_OBJC_ARC = YES;
				CLANG_ENABLE_OBJC_WEAK = YES;
				CLANG_WARN_BLOCK_CAPTURE_AUTORELEASING = YES;
				CLANG_WARN_BOOL_CONVERSION = YES;
				CLANG_WARN_COMMA = YES;
				CLANG_WARN_CONSTANT_CONVERSION = YES;
				CLANG_WARN_DEPRECATED_OBJC_IMPLEMENTATIONS = YES;
				CLANG_WARN_DIRECT_OBJC_ISA_USAGE = YES_ERROR;
				CLANG_WARN_DOCUMENTATION_COMMENTS = YES;
				CLANG_WARN_EMPTY_BODY = YES;
				CLANG_WARN_ENUM_CONVERSION = YES;
				CLANG_WARN_INFINITE_RECURSION = YES;
				CLANG_WARN_INT_CONVERSION = YES;
				CLANG_WARN_NON_LITERAL_NULL_CONVERSION = YES;
				CLANG_WARN_OBJC_IMPLICIT_RETAIN_SELF = YES;
				CLANG_WARN_OBJC_LITERAL_CONVERSION = YES;
				CLANG_WARN_OBJC_ROOT_CLASS = YES_ERROR;
				CLANG_WARN_QUOTED_INCLUDE_IN_FRAMEWORK_HEADER = YES;
				CLANG_WARN_RANGE_LOOP_ANALYSIS = YES;
				CLANG_WARN_STRICT_PROTOTYPES = YES;
				CLANG_WARN_SUSPICIOUS_MOVE = YES;
				CLANG_WARN_UNGUARDED_AVAILABILITY = YES_AGGRESSIVE;
				CLANG_WARN_UNREACHABLE_CODE = YES;
				CLANG_WARN__DUPLICATE_METHOD_MATCH = YES;
				COPY_PHASE_STRIP = NO;
				DEBUG_INFORMATION_FORMAT = "dwarf-with-dsym";
				ENABLE_NS_ASSERTIONS = NO;
				ENABLE_STRICT_OBJC_MSGSEND = YES;
				GCC_C_LANGUAGE_STANDARD = gnu11;
				GCC_NO_COMMON_BLOCKS = YES;
				GCC_WARN_64_TO_32_BIT_CONVERSION = YES;
				GCC_WARN_ABOUT_RETURN_TYPE = YES_ERROR;
				GCC_WARN_UNDECLARED_SELECTOR = YES;
				GCC_WARN_UNINITIALIZED_AUTOS = YES_AGGRESSIVE;
				GCC_WARN_UNUSED_FUNCTION = YES;
				GCC_WARN_UNUSED_VARIABLE = YES;
				IPHONEOS_DEPLOYMENT_TARGET = 14.2;
				MTL_ENABLE_DEBUG_INFO = NO;
				MTL_FAST_MATH = YES;
				SDKROOT = iphoneos;
				SWIFT_COMPILATION_MODE = wholemodule;
				SWIFT_OPTIMIZATION_LEVEL = "-O";
				VALIDATE_PRODUCT = YES;
			};
			name = Release;
		};
		962E8090255FA4F10097B702 /* Debug */ = {
			isa = XCBuildConfiguration;
			buildSettings = {
				ASSETCATALOG_COMPILER_APPICON_NAME = AppIcon;
				ASSETCATALOG_COMPILER_GLOBAL_ACCENT_COLOR_NAME = AccentColor;
				CODE_SIGN_STYLE = Automatic;
				DEVELOPMENT_TEAM = 3B53AU5N2F;
				INFOPLIST_FILE = jsonTest/Info.plist;
				LD_RUNPATH_SEARCH_PATHS = (
					"$(inherited)",
					"@executable_path/Frameworks",
				);
				PRODUCT_BUNDLE_IDENTIFIER = swiftbook.jsonTest;
				PRODUCT_NAME = "$(TARGET_NAME)";
				SWIFT_VERSION = 5.0;
				TARGETED_DEVICE_FAMILY = 1;
			};
			name = Debug;
		};
		962E8091255FA4F10097B702 /* Release */ = {
			isa = XCBuildConfiguration;
			buildSettings = {
				ASSETCATALOG_COMPILER_APPICON_NAME = AppIcon;
				ASSETCATALOG_COMPILER_GLOBAL_ACCENT_COLOR_NAME = AccentColor;
				CODE_SIGN_STYLE = Automatic;
				DEVELOPMENT_TEAM = 3B53AU5N2F;
				INFOPLIST_FILE = jsonTest/Info.plist;
				LD_RUNPATH_SEARCH_PATHS = (
					"$(inherited)",
					"@executable_path/Frameworks",
				);
				PRODUCT_BUNDLE_IDENTIFIER = swiftbook.jsonTest;
				PRODUCT_NAME = "$(TARGET_NAME)";
				SWIFT_VERSION = 5.0;
				TARGETED_DEVICE_FAMILY = 1;
			};
			name = Release;
		};
/* End XCBuildConfiguration section */

/* Begin XCConfigurationList section */
		962E8076255FA4EE0097B702 /* Build configuration list for PBXProject "jsonTest" */ = {
			isa = XCConfigurationList;
			buildConfigurations = (
				962E808D255FA4F10097B702 /* Debug */,
				962E808E255FA4F10097B702 /* Release */,
			);
			defaultConfigurationIsVisible = 0;
			defaultConfigurationName = Release;
		};
		962E808F255FA4F10097B702 /* Build configuration list for PBXNativeTarget "jsonTest" */ = {
			isa = XCConfigurationList;
			buildConfigurations = (
				962E8090255FA4F10097B702 /* Debug */,
				962E8091255FA4F10097B702 /* Release */,
			);
			defaultConfigurationIsVisible = 0;
			defaultConfigurationName = Release;
		};
/* End XCConfigurationList section */
	};
	rootObject = 962E8073255FA4EE0097B702 /* Project object */;
}
